# Generated by `boot2deb update`; do not hand-edit.
# Exact resolved pins for the recipe. `boot2deb build` reads only this;
# re-run `boot2deb update` to re-resolve within the recipe's constraints.
[kernel]
id = "rk3288-libre-7.2"
source = "git://linux-libre.fsfla.org/releases.git"
ref = "sources/v7.2-gnu"
commit = "e838f0c55e66cb9f21e06ca97a572bfb9d420d16"

[patches]
series = ["rk3288-fixes"]
source = "https://github.com/gregordinary/patches.git"
ref = "main"
commit = "6c3eccbeb78205ff3b612923c05afed800348c5f"

[rootfs]
suite = "forky"
manifest = "libre-forky.pkgs.lock"
