# Generated by `boot2deb update`; do not hand-edit.
# Exact resolved pins for the recipe. `boot2deb build` reads only this;
# re-run `boot2deb update` to re-resolve within the recipe's constraints.
[kernel]
id = "rk3288-libre-7.1"
source = "git://linux-libre.fsfla.org/releases.git"
ref = "sources/v7.1.6-gnu"
commit = "98df04398b48a6e8565b8e314d6ddb488bda223a"

[patches]
series = ["rk3288-fixes"]
source = "https://github.com/gregordinary/patches.git"
ref = "main"
commit = "ced7afe82f85e7da3a87f8cb69d48bf33fb24805"

[rootfs]
suite = "forky"
manifest = "libre-forky.pkgs.lock"
