# Generated by `boot2deb update`; do not hand-edit.
# Exact resolved pins for the recipe. `boot2deb build` reads only this;
# re-run `boot2deb update` to re-resolve within the recipe's constraints.
[kernel]
id = "rk3288-mainline-7.1"
source = "https://git.kernel.org/pub/scm/linux/kernel/git/stable/linux-stable.git"
ref = "v7.1.3"
commit = "199c9959d3a9b53f346c221757fc7ac507fbac50"

[patches]
profile = "rk3288-fixes"
commit = "cf650c5f994a6176636cf33a431c2fb857f07c14"

[rootfs]
suite = "forky"
manifest = "asus-c201-mainline-forky.pkgs.lock"
