# Generated by `boot2deb update`; do not hand-edit.
# Exact resolved pins for the recipe. `boot2deb build` reads only this;
# re-run `boot2deb update` to re-resolve within the recipe's constraints.
[kernel]
id = "rk3588-mainline-7.1"
source = "https://git.kernel.org/pub/scm/linux/kernel/git/stable/linux-stable.git"
ref = "v7.1.1"
commit = "c9acdc466e9aa96352f658b9276aa8a45b8e817d"

[patches]
profile = "rk3588-accel"
commit = "527d03d54ea68a375b814ccb3314901530cb8b32"

[uboot]
source = "https://source.denx.de/u-boot/u-boot.git"
ref = "v2026.04"
commit = "88dc2788777babfd6322fa655df549a019aa1e69"

[rootfs]
suite = "trixie"
manifest = "turing-rk1-trixie.pkgs.lock"

[blobs]
atf = "rk3588_bl31_v1.51.elf@sha256:2847c82a44aff28f1923eea31567c9cf01a7c4bcec4d3b9be1cbf6fcc965f84b"
tpl = "rk3588_ddr_lp4_2112MHz_lp5_2400MHz_v1.19.bin@sha256:e109f3e283c86ad74b6574f5538b11750dea4cab7668175717aa2af7994c28ef"
