# Solved rootfs package manifest: installed name version arch sha256.
adduser 3.157 all 3d9c502eef78a3a6392ebdf4688c7cb436dc55fb3ae875dfa37a0b2b5a77d5cd
apt 3.3.1 arm64 ca8a0748331d1ef7b5b20cf41b18380eaf8d781d14ced8d24054c3cdab52e143
apt-utils 3.3.1 arm64 0abcdacf162354e41bf033b5da663a66c7257d9066504e43e1e9e2cd05859d8a
base-files 14.2 arm64 507d871e4bf46a9d2020de6cfcea26d4625b67e124ad236769502e88546415d9
base-passwd 3.6.8+b1 arm64 49d364984cc6cedaa905803a8da3756d9ed73779663e8d0b2324e5122fea0b4e
bash 5.3-3 arm64 3d5b85492b06b32cd3e2fd639b2deb1e2f12e7e5402872ec11381ddf2fe03f61
bsdutils 1:2.42.2-1 arm64 eae51cb07cd6c1c9ff05e9d903a37965d8ae5bedc291d44e109feb3abfd7078e
coreutils 9.10-1 arm64 adb3706665fe418549d4e0a4d53fdd5ccc1dc63ec2548d8c201d7d6101c99ac9
cpio 2.15+dfsg-2.1 arm64 dc9fe1a7fb819e5ba1f5c87585250ed3b735f43bb46bd0c9f89b46fec3e46d4c
cron 3.0pl1-209 arm64 852270589d67a876a2500cf06db36a037fbf328c5860b58419c0edd4285c72b9
cron-daemon-common 3.0pl1-209 all 85f3402ae4ba6fb5e19254e9bf86a4c042c6c3fc3fd8febb828d5920e2688b45
curl 8.20.0-5 arm64 2ff38546294178b31a3aaa3f430ae396f3d46e83cfcd425f2d13ce90b02ee7d4
dash 0.5.12-12+b1 arm64 162f2e04e74793fd1512e426b7d5f03b202fc8069959143f0bd8e55c61b90128
dbus 1.16.2-5+b1 arm64 a1ebf521eee47bcd18f3c5cc2076ecf21d089ae4903d38f89f0c23f6b48194bb
dbus-bin 1.16.2-5+b1 arm64 01ef2cc4c92ffae174961999b24b9787d4c9890c88523250ef161eb7e2ecef50
dbus-daemon 1.16.2-5+b1 arm64 d22bbd6475918234ebc9335c00a1f54a0cfc3f7cefb011ba7590e77e4bb27ab2
dbus-session-bus-common 1.16.2-5 all 0bf0a824696dc4b5d40ba1614fb06c408651405206e6c23d926f0337fd0a8430
dbus-system-bus-common 1.16.2-5 all 6b054795274bb34c9406128c9fe6164c13a667a3c6cf475711e2c83e85d694f0
debconf 1.5.92 all cdee7273fe92dad870fa6c7e3a8aa5b4001a8ddeffccb0958e1607bf15879803
debconf-i18n 1.5.92 all d518eb8ca2c740bdc0aebb28e5226f8827dd4eb6ead905cb765dfd7b6c462893
debian-archive-keyring 2025.1 all 9ea7778e443144ca490668737a8ab22dd3e748bb99e805e22ec055abeb3c7fac
debianutils 5.23.2+b1 arm64 94c6928768b080af44abd452c123cab9875d5c94bd776622fac64b7cb4e30b26
dhcpcd 1:10.3.2-4 all 4b86a11aac23e8a95937d264e306e75e29b09bb1e2c8ba065ec968848ab9aeba
dhcpcd-base 1:10.3.2-4 arm64 7be20818018dc19fdfd7aafe1c027ea60f54caae1b967641475a357ddde4537e
diffutils 1:3.12-1+b1 arm64 fdb09c89f7a618de193404389058cb4aa2f96ff2483bca87f4aa7b9cdb0c1bc3
dmidecode 3.7-1 arm64 eed2342b167debe9edf098c3c18cd9aa236f2ebd8c40e17c5d81899c67be2d73
dpkg 1.23.7 arm64 50d6dd42d3091d28339bac9f03a84dc2b34dfe8b8023e904f0ca744f8a16a804
dracut-install 111-4 arm64 19afb04f80c2a5e5edb58b245cf2650a307cb0e7a797a815d3657c0063ee9118
e2fsprogs 1.47.4-1 arm64 880491c89aa38213c5cd5cfb60bf6a5e4b05da67170434b37587c26b5bfd95fc
fdisk 2.42.2-1 arm64 ed660151f829ed8f0532f41f68ce5796dc1cb304039a868b05aeacefe62283cf
ffmpeg-rk 0b57fbbe50c9b2656fad86a1a7eeabfd2b2a50935+gb57fbbe50c9b arm64 26b55fbae99277b7023e9f6591015f56104ea0c2ed7bba7aabfd3b5adbe9d118
findutils 4.10.0-4 arm64 87202d9c40d5a5395a0acb13aefe70ce63080194491d2df0f7684d5476127403
firmware-misc-nonfree 20260519-1 all bd90d3d80886e9713389ef1094390afaa7eea5b57a9599be68ec0c89efb5aaaa
firmware-realtek 20260519-1 all a0f3bdb39aa75ac4153e4ba1ac3ef3429dbbc47e5e8d5f174f06ad9a68a4c1c6
fontconfig-config 2.17.1-5 arm64 8950a4836c8be844decd41a356015bd2ad8fcc91d30dd5f98c09959a8269f84e
fonts-dejavu-core 2.37-9 all b86ec13576ccf766f7066e783cf06ebd7af955d22276ccceac41b7ffefdcf8eb
fonts-dejavu-mono 2.37-9 all 156a3e2e83f094f8aa1248433e92833ddcfdf12f0392497fbe127170a2dd19cf
gcc-16-base 16.1.0-2 arm64 0a7b72c77592525d02a345c14a8a5dc336a9228f17535478cd71a9cb6a05c73a
grep 3.12-1+b1 arm64 34f9a489d4cb19698521af3ebffc39da74da14ae9ba3feccde64e4868d301999
gzip 1.13-1+b1 arm64 93e32bfa38a80c732fe9cf735f7732099dcd9c502dc2caeb1d5d3e80782eb478
hostname 3.25+b1 arm64 4ae87145db8532e31a54eb8057e406a73ee41f9e575aeff8d1043cc91439689c
ifupdown 0.8.45 arm64 657c946309f41480ea2f0882eb6247934db7f827e2b2417615a9db6a1f602a64
init 1.69 arm64 6ce79d6177bc1abc94048b3e7688a33ad70ce1952e0b6f80287e0ce1e159b998
init-system-helpers 1.69 all 7d21de4ed4a680cc727bb5490620843b8066f510aac0c4d4430a1f010dc12012
initramfs-tools 0.151 all d9cc618dd8df89f5cf6869ae62ef923e2134f7d3ba8438d73429a9cd3c6116e1
initramfs-tools-bin 0.151 arm64 5d8998e43da19f9d29afc2f11e36d8678d1a7cdf836636d28cdd8f1acaed0e1f
initramfs-tools-core 0.151 all 25d6e9ad2d6650ffa85f10b36c2ca55134c6d5a6f462023f17077747a25a4998
iproute2 7.1.0-1 arm64 57e2d6ad688fd4ecec9737cb2f71601b4968591844a08e19fed5d2da9de6bf17
iputils-ping 3:20250605-1+b1 arm64 95eec3c17bc0c80cac6bd1cdadb500e60382c4debc7e66698e29b5443ac5450c
klibc-utils 2.0.14-1+b2 arm64 be7d624f80c55fe2877ff2a14b12c3d426441bb5101db22f2653517d442626e1
kmod 34.2-2+b2 arm64 31e405f17800b97fe00f8841e686773a4e44dd2c642224d40e6624e1e297a8e7
less 668-1+b1 arm64 ce21e95328a5ab2038085a82725be4049bac33e5f8d2feb82963f00b8c83d7c5
libacl1 2.4.0-1 arm64 cb7ad26438a5429d93742107c8bef6efcbf3aa05bdd723c17913658ae4d2be26
libapparmor1 4.1.7-4 arm64 0e8680c5e7e429fc2aabe84cbe2d736e996c4a3773c704bc3cbbef91f2470691
libapt-pkg7.0 3.3.1 arm64 6f2e2c100deaf283cca20a1fa8c75df0eb9ee670789a6788add37f93e535f235
libass9 1:0.17.5-1 arm64 0baa3548e78267554228796d0740bcceaf2c25e655f2fa0613ae2fe40337352a
libatomic1 16.1.0-2 arm64 be303b8188ae3dc8e8fcee9645a7c347b96ba1e38a43d637e5a69913a3d7216b
libattr1 1:2.6.0-1 arm64 9071102e4368251506d1fd7e7c342314a7a1e2515970f1255b1447fa37cdf3da
libaudit-common 1:4.1.2-1 all 3d4206918b2c61e7b95bdd2f7e7d927afb1432ecb0deecdd0ade209ed6150c93
libaudit1 1:4.1.2-1+b1 arm64 1b93d57f2e6b2919b05e64ea2e6be33fcc7a9f3b2f17d22f0ea25bbf10e1b934
libblkid1 2.42.2-1 arm64 ad6549bf267b00d6ca4d1c098af248ff7938181553f2111c975c4a05870b16b6
libbpf1 1:1.7.0-1 arm64 23f227408b001dc4e96e88ad52febf67371b394f02b3b2dcf350ccba8d347b46
libbrotli1 1.2.0-3 arm64 927b7c88dde186fde8bfe2015d71ccfedac9c8573aa57bd97c25eedd6552ee84
libbsd0 0.12.2-3 arm64 2e4ebe1b975367700ae4a45970e67a6c477043b891827f09c941ea5859f6a8ca
libbz2-1.0 1.0.8-6+b2 arm64 cca22caf6bcf0a547ee3d866aad175c88aab979065c179aa845b77724911c4bd
libc-bin 2.42-17 arm64 86aa60ab275e5c4345b20a6140b160c526d58dbc91afe0af8427f6a3d8051cde
libc-gconv-modules-extra 2.42-17 arm64 106777f142d2dab3bd8a9781cc755f753cdef4b31ee68dcea377dd6f75bf58e2
libc6 2.42-17 arm64 1426f09ab5a533b38eb6a1b462cb9df9ac2b3f82fc4d570d19d9f7789e7bc96d
libcap-ng0 0.9.3-1+b1 arm64 e61991723bb109bb95bdeab0fed312fb04491c96c7a6f0b083b9bd065ce67bce
libcap2 1:2.78-1 arm64 5ab140d5a37f3bda7bbc832600dd91937f2ba122e539668262a8115e2c4f260f
libcap2-bin 1:2.78-1 arm64 83f804b989d6fbabf69fa70aba0b1d1e285aeb5fe288fc5d6179c6814dd260bd
libcbor0.10 0.10.2-2.1+b1 arm64 4272824c3366c2337b4ab61de061cf7dda0d2b5bb361c4f4971b0b25e2699861
libcom-err2 1.47.4-1 arm64 7ddc133ca0d8307fdb2d9ed9926e7da179306041b6f4bd7c3e69346c502ac1cd
libcrypt1 1:4.5.1-1+b1 arm64 863b25d8262bf4c50377801c6fa72d42fd35b36490c319462c560bd588e6baf3
libcurl4t64 8.20.0-5 arm64 97ddf1bd28674ae117f8240d482f9c3f86039b71f5054d7fbd13477ed0beee8e
libdb5.3t64 5.3.28+dfsg2-11+b1 arm64 b1a647dcbbab145d20dceba0253256b05cbda683bc7b4d9ce74ed6d1b5e80643
libdbus-1-3 1.16.2-5+b1 arm64 bae9d033d1f57d1309ad22090dd9679df29acbde3c3f9304a6f8f95dcbbd422e
libdebconfclient0 0.283 arm64 9aa3de348b42d7409ea53cd500fddca2321f8c27f9b37b16eeff2653438017fc
libdrm-common 2.4.134-3 all 89127ee70fd643f0f1c1fe294bfda51315ea4e92234500211f9956351706363f
libdrm2 2.4.134-3 arm64 1df69d19f0b01148abbd589e80db5b4aa39bf4e0b9409ca1b3fa458acea2baa0
libedit2 3.1-20260512-1 arm64 fa75fe1893a77cc4473945158fc186d96bcb4b32e517e1e3dc633e0b760c2d12
libelf1t64 0.195-1 arm64 5a1aea353d93e26b343dd1ed2b135373bdcf5bc3130b0a89cecf9369160d2572
libexpat1 2.8.2-1 arm64 df928e3a8e4da79408d4b18e8cd80a03dffa90130d0698e50041aab5e14f9397
libext2fs2t64 1.47.4-1 arm64 a18e0135f9ed57b1aa4f81792ba69123bdb2749b8930f245fb057ab30c6c38f9
libfdisk1 2.42.2-1 arm64 d9909cf47ba0cfaf5921d6fb7dbad36aa65fb6fefbcec5b82712d6348d2dd401
libfdk-aac2t64 2.0.3-1 arm64 00c5e5fbc209a7e859765ae0751117c01ace9b809e1bd559cfcbd3d31373d3e5
libffi8 3.5.2-4 arm64 967dc7c3838da2a5243e2a9b3ef5120ba5c9406347f45d65e95fa16f7fa3466b
libfido2-1 1.17.0-1 arm64 976c93ea4e1ccaf3ce3bb22827736cc45a1f32c2b12592ac5fa5558a4fae5c43
libfontconfig1 2.17.1-5 arm64 a060fc66af0e596961062323435219b54b7a6c0eb629d0baf0b29512431c920f
libfreetype6 2.14.3+dfsg-1 arm64 fe36c9a4a94f18f3bcbc17bc244661c8461b363156ce1356789324d437017a0c
libfribidi0 1.0.16-5+b1 arm64 88defb3c6c3edcef1010083fe225402446337df98e338170a6c7b3c9cdfcfcef
libgcc-s1 16.1.0-2 arm64 8a2022a95d4494fd5ba7c9ec1b7bc21c4df8fda9c27612f026a4b08cf41a3fa6
libglib2.0-0t64 2.88.2-1 arm64 402c76bde1d9a5b47321ccd26b7a6c0a87c41ff6781a06ad9618653c119813c0
libgmp10 2:6.3.0+dfsg-5+b2 arm64 ceedd3ac17447facce0de2713b6f99d711fa41e7f26cb278778840054d93b6a7
libgnutls30t64 3.8.13-1 arm64 f75fd2174336a71a8cd208399823c71d1ff2df5460add70d4c430937013ba74a
libgraphite2-3 1.3.15-2 arm64 8bd43373038bae58f7020bc87ddf956f0872ccd7956ff9c4979d19ada9e84cf2
libgssapi-krb5-2 1.22.1-3 arm64 87c29d53b44899ff6f32a5a14f537289fce05acd521a0efb4e4c9d876f2798e6
libharfbuzz0b 12.3.2-2+b2 arm64 744875f8af03425cf54484551a9d0745993146001489e592a409b99973fc51eb
libhogweed6t64 3.10.2-1+b1 arm64 3b61a8059b653c98019b959419060c79e061259a8b9ec39981050dda7059c003
libidn2-0 2.3.8-5 arm64 5ecbc32716dea96d94bc51f5b0625bba1e676c2910e3ca41b4d403a926262474
libjansson4 2.15.1-1 arm64 c26abc792285fdbb00e82416d46e5419a17556b2afe4d57dab80bcb01eaca5ec
libk5crypto3 1.22.1-3 arm64 f0b76897311c8be84f49e17ad502970d069222b8e885a9ebfcfa0e6ee93e07af
libkeyutils1 1.6.3-6+b2 arm64 a8abebdab5bc9a9d2c3e1c28b81cf3a473ce62a334f318f0adced1ea29a6250b
libklibc 2.0.14-1+b2 arm64 7ef1ae103122c15a6e896d4f476a0b7f58a02a3ac9c628e8e47f0f4904f570c5
libkmod2 34.2-2+b2 arm64 df3940d465e2de51df88977b10fb7ec0118c16214ca50ba6a2f5bb2184823cfa
libkrb5-3 1.22.1-3 arm64 1d62e66d32a03fcaa5ccd66241475d28a0c43fe9222e186cfaeabf19e526cac5
libkrb5support0 1.22.1-3 arm64 45d2538a69d19d9f6fcaef2e1b392c762d01f70c988c75e01c201a5244f93078
libldap2 2.6.10+dfsg-1+b2 arm64 b93733fb9a8d743e67f1f3464dd6e0fa01dab3b7723e3cab800b6bea92eb0c6b
liblocale-gettext-perl 1.07-10 arm64 a7a4d7160a27b045713c52d2c9f8bef6607bd979064a006c0a3c82cce2a74d2d
liblz4-1 1.10.0-10 arm64 c088f662f310c47a92b9120f6a6e7b430ce3f0a029d3d1a554a0d3acf753b8b7
liblzma5 5.8.3-1 arm64 3f0cd33c5f54b6cac617f4cc585d8bfce3dec2029b48a875f2c2492da9e4246a
libmd0 1.2.0-2 arm64 8f8f9246a51026bea5b43aa53140159e99642c01dd6dcd1041b2793ceccce80f
libmnl0 1.0.5-3+b2 arm64 3f8cf61281d3dddbb739921c2788e59037f84edd9e1921acf26bfaacf0c2357f
libmount1 2.42.2-1 arm64 f1705ca9edadcd648ef77a1a701f4fa0d704d79487c561149d951595e1ea3134
libncursesw6 6.6+20251231-1+b1 arm64 d3a128a5b9bbed216c6e32db95963e214366e6de6fe771127d44371295146e82
libnettle8t64 3.10.2-1+b1 arm64 b600dcf64a45508b39be31f8d415f177aa6a1c31af9b7e673063a0f4aea3875e
libnewt0.52 0.52.25-2 arm64 3716502a1b469499ceec1aab232a68f42d7ebd89d2a8c8907f17fb03c66dc108
libnftables1 1.1.6-1+b1 arm64 b65b44d649110b5674aaa582b3bbee23f7c3717650b7de6ff7e1e1ee3bf3d69d
libnftnl11 1.3.1-1+b1 arm64 49dd393a46764c77212240f55d30b84af1d02d3240ec8e337a9fdde0f227bc48
libnghttp2-14 1.69.0-1 arm64 dab33625de27f86c0f05fa8f3395602bdbe9bec3e3e1fa8f0c0d24771c5014e1
libnghttp3-9 1.15.0-1 arm64 907a2ff56daed53d45d7289fc50482f5999f4f5086563b2e31d7804b81e2c45d
libngtcp2-16 1.22.1-1 arm64 af9d57e08d20387b8fdd5764661ef3f93858519200fdc586ecdd8c28406d07c0
libngtcp2-crypto-ossl0 1.22.1-1 arm64 b72e7bd7c0bb9a2811e8045634c215fc896b09ca8d1aded8a5d57e951c1235b0
libnuma1 2.0.19-1+b2 arm64 26eaf285d4031512e1698e4ec198dd7012845a560c28460cd81145a95f5e67ce
libp11-kit0 0.26.2-3 arm64 ce58e5a15d93792bf90907bc03af46eaf4e2efa6429f385e45223afab3f59d0d
libpam-modules 1.7.0-6 arm64 e621c932ca9c4d07ec23348c54eba9829d2fa676373065216a3497dc24d2f0df
libpam-modules-bin 1.7.0-6 arm64 2cfc68fdf0be50e86cf6f6197ba8f8b92e1ad0e3cb70846f9930cf0a9c44d3b2
libpam-runtime 1.7.0-6 all 6247f54d11c0d87280779a1446ab2750d7ee3f0800da4418a0b8c48e90fe9623
libpam-systemd 261.1-2 arm64 bd51e6179cf4285246e44f6929eae1e41a1cf7e707c84955ab1757274fe84730
libpam0g 1.7.0-6 arm64 7c89276769c98208cf16edcc979bf068cacd6d2d61baec1a4bc92b902359860d
libpci3 1:3.15.0-2 arm64 9d49d106c31195c0e010052674a0b2190bcba6531b7bfa42d0790c89ae049b16
libpcre2-8-0 10.46-1+b2 arm64 8960f598a0eaf195bf9e17ac7cf1aca7450e5d2acb3ce5a6e85f898e5a6c218f
libpng16-16t64 1.6.58-1 arm64 3835c62ced8c5f4349439c88ada813dc9274f7a17b7cd535a22e0f1e34c9ea83
libpopt0 1.19+dfsg-2+b2 arm64 7204d2b0c79d8e5050762b54ccb71bce925e85814c685b8a654e5d4c80810a66
libproc2-1 2:4.0.6-2 arm64 0a0eb100af39d066973fc5641db7520272d7cab4293537aeb4e7a9980505c1c1
libpsl5t64 0.22.0-1 arm64 bc36006ae2dcd6c21f0dfcfc1cd2430311435002199075839993bb264534b592
libreadline8t64 8.3-4 arm64 c8f93840910ad4db3778e3b730193e8f50ad947a9f6c978fa941cb6202e934b6
librga2 2.2.0-1 arm64 5a3cfa71c53db3604f45253cc620017c8f69542a00ed03a96336474b46138d17
librockchip-mpp1 1.5.0-1 arm64 830d3aa9c23a06eb7368d1b612b18127674a126d011f3be3e2c958a8084f04ed
libsasl2-2 2.1.28+dfsg1-11 arm64 bc1505c89e7f28508be921c00265627ad46fdfd3f084ef0b9a8b3ab12bc4fc4e
libsasl2-modules-db 2.1.28+dfsg1-11 arm64 68e7a693a4e9a5b74a03ce17b531138730be20fc32e3ec8e65b0d7c9ea72f78d
libseccomp2 2.6.0-2+b1 arm64 e1e2b1aaf4df07ce39cf86edc8cce9c7647267534f00da3f08459fbabe197729
libselinux1 3.10-1 arm64 38698a3cff1573083ef64a64bc63a33edc96fca8f8228e07bfbec7a5736e1897
libsemanage-common 3.10-1 all 2ceb2d8d8e991f4d23f819958ed26d5d0065a82379509c93bcb3b02354983173
libsemanage2 3.10-1 arm64 fb59678e247a98eeded73893e705bf6ac3350476c69963e5bd2c9cd63f651be9
libsepol2 3.10-1 arm64 00f555f9840319beece6e36298d1d42294e24dc673d65c5c53379a916d4719e7
libslang2 2.3.3-6 arm64 843f4dfdc3b5b89cfc06f26a0cd9c730c92e88a36b9d8364f4bc8849cc366121
libsmartcols1 2.42.2-1 arm64 3adfb04ec533c97178148b8e7f7ab1db3553f44253d82a8f1f98211e98784a2a
libsqlite3-0 3.46.1-9+b1 arm64 7151c16a8f7dc4150399938cc170f815e49fc5babf8bfa276bca7b2659eaa3db
libss2 1.47.4-1 arm64 01bb81121cdf62b6fde0e32e3577c36df9456074c626af3618f8caf020da6698
libssh2-1t64 1.11.1-4 arm64 5210043a600f53feba63257cdba6e214ef54503632d252ecee9fbac8d1e892a3
libssl3t64 3.6.3-1 arm64 0e58fc4beb997e87814eb10fe8056c8886379aa803f32fcc02b3ad62d09537a4
libstdc++6 16.1.0-2 arm64 8f6d035d99d6687d7f0ac6ba70d22f1e837d13cfcc8d1539a377579b9a7b3c18
libsystemd-shared 261.1-2 arm64 b3b04be5ec2ecb5fd66ea3c65f1d5b3fb171fa03c709653c794d8ac97c8a057e
libsystemd0 261.1-2 arm64 eb47d12aa9c6f0d44eb77a0acd25221370d87ac72afa17345dee4b22929b6623
libtasn1-6 4.21.0-2+b1 arm64 abdbe39140c1b5a650c351eccefb11068d5ffa9a6d90d98e5a025d3557051711
libtext-charwidth-perl 0.04-12 arm64 ad2e2f006e5ffed21938af9424011e836ee90f5cd4b383df00cf862c3486f81c
libtext-iconv-perl 1.7-9 arm64 7f39d9f0ef4b10a9c8138734c1fee3b93e5b5f75da051adcb6d4bff7fdc57ffb
libtext-wrapi18n-perl 0.06-11 all 78f3e536289c5f07351b1251980d42ec8706a4638de160dbe184a479d7e5bc14
libtinfo6 6.6+20251231-1+b1 arm64 29874f3f80d202917d13254c3b863d05dd0dfa53de634e3770f4bac8b0bd3012
libtirpc-common 1.3.7+ds-1 all 5b59ea5cc2fbbaccd9bc4e286a545d0cc8ea14d52b9ca0cd73b3b1fb78b1d385
libtirpc3t64 1.3.7+ds-1 arm64 6c89ff129e1d6be4e2cab26000f578ea87e6fb4ca3d4389d9b199dad931f43a6
libtss2-esys-3.0.2-0t64 4.1.3-6 arm64 b4e4e4d9648ac89d07716f4362197534e99b010db05a7add8994e9b2a89aaa61
libtss2-mu-4.0.1-0t64 4.1.3-6 arm64 e4bbec7b8f8a3a87a86bea7a080699e71e41fed75cb3550611ac7eec29531f1a
libtss2-rc0t64 4.1.3-6 arm64 83f7469fd7e326a8a450d20c41fcee8c2f8a3e6fdfc6e505f0dd5767cba63e8a
libtss2-sys1t64 4.1.3-6 arm64 446a1f5066b063d09563469b1e37b72b67ca6cb6d415f824dd9322ca18e2ad62
libtss2-tcti-cmd0t64 4.1.3-6 arm64 372ca37449943edfd64c785ddee0215903a14d7d17292a38ac13e313c0427236
libtss2-tcti-device0t64 4.1.3-6 arm64 61b8513bbeba0faf28a972d50f4af0878418d9ac770b2720a5986b50e8970499
libtss2-tcti-mssim0t64 4.1.3-6 arm64 4431adfe368425b1afe8d6104222ec2fa4810ce7fff2c9b913d39a0ff2698468
libtss2-tcti-swtpm0t64 4.1.3-6 arm64 2db7e66b1a6d5c2f574109188ab378245c4cec3e890a24aa53d6c95f4a16dc33
libudev1 261.1-2 arm64 7f797877d31ab1da7fb3927177fe71e8d6fef4b1d3199947be7bc6ae7d7cd5fe
libunibreak7 7.0-2 arm64 9f817939012053a5e26ef3c06617fcf0242c07bcea48e20a5242ec94e8593bb8
libunistring5 1.4.2-1 arm64 532a6e1cc3d9f154d8892e5c58bcfb070c4fbad7d221c6f81af3acf9a9fcb12e
libuuid1 2.42.2-1 arm64 781e2fb136836b8bd5ab25b54a7e57e3b6eaac3d82747344edac46e8c4e192ee
libwrap0 7.6.q-37 arm64 f56b60141417ffc1d485c32da8f2a55e80f111e1bb2be2c3f02536e482590946
libwtmpdb0 0.75.0-6 arm64 b1cce3654b15e70926f2a52f5e5395f1fab1d654651396211882cce7eb5e373a
libx264-165 2:0.165.3222+gitb35605ac-3+b2 arm64 1583f119434e31dd36618f85bbc5461cec04bf175dfe78bd14da22ec70974e20
libx265-216 4.2-2 arm64 4546912754da179884e53cbb6d00e682e5832fcd0c68bd9ca7a40b79f8f896f6
libxtables12 1.8.13-1 arm64 5a537d34894c35bc101d9e9017366d9cb4eff066ea39c8bf49b3b1959a7a5961
libxxhash0 0.8.3-2+b2 arm64 4cf0681fffcf75305814bf2276a733f2cabd9bcf5fe18430c74441723343e467
libzstd1 1.5.7+dfsg-3+b2 arm64 480a5f0d14feb7e95130ccf726d8b07bd69fcc01f4806c8c8df6098f75228f90
linux-base 4.15 all f6d08723ac7f8092e0be5598520c793ee0b9eccd8e782174acbb49ac40e53e65
linux-image-7.1.1-1-arm64 7.1.1-00020-g157ae12515f9-1 arm64 278d28260860a5ba11aacb5e65b516dae319a814054740f5ee742e45c689fb05
linux-sysctl-defaults 4.15 all ee3c3bb52a5ab842e4ca441037fd7810da6f515d03dbd3429ffadcf01fa4ac01
login 1:4.16.0-2+really2.42.2-1 arm64 2e44f5af548fe97847de428bad6fceee58b2a06c9f5f83a2de973362fd9373b0
login.defs 1:4.19.3-2 all 269a181b30c1cf86c8111a506b31ea35f80427825dc74b8fc6e8d95cfce3b1d7
logrotate 3.22.0-1+b3 arm64 f3c77001263565c575473583757c728db472bd61f2d9613e8feae54251770903
logsave 1.47.4-1 arm64 77e19460bbefd57e909aa17c70b25d11e45461dceebaa4308c2ae62f59270f68
mawk 1.3.4.20260302-1 arm64 1432ed713469aad2fe56bdf0f37723e323fe8bb8bed0cd29602a91b0eb9a91e4
mount 2.42.2-1 arm64 1f642f8c790e8fb25de139eb3d54ac08dcd9470c69d35650777b138723eb14fa
nano 9.1-1 arm64 98c04587c263bcf2147c063e08fa903e6aed16a74c4c3c2508ce5b1d1081637d
ncurses-base 6.6+20251231-1 all bdb96ba736d5301f7c05e7aa51aad96d88ddeaac0028e9276f22eb62d24f73cd
ncurses-bin 6.6+20251231-1+b1 arm64 2fc1c2c7c30421d285e9a900f921c8a7ed6f15b82479a00d05684206e90b8b37
netbase 6.5 all 76bafa92947ebd37b0a6f9ec6570412041f56edebc1c66d323731216d318471e
nftables 1.1.6-1+b1 arm64 f1561c67e3d663dc1eeff96cff22d756ec2d5e8244c70474abfec5702f047ef3
openssh-client 1:10.3p1-5 arm64 00e9dd3d19285bc21f6d8d939c504cf0d0890f50274992619238523de9eefc25
openssh-server 1:10.3p1-5 arm64 85542470dc4f6f1183ed55b4dcb61db4c5de4d449d628c4ee30388e3a666fe4f
openssh-sftp-server 1:10.3p1-5 arm64 044a3ed823e4f094fa1c06f066f0ad08f723c1123e068fe3aa713fc38e24bbcf
openssl-provider-legacy 3.6.3-1 arm64 199ef2b8800964811a8d400ee366a7bb44d6c261bed682e62630462c6139ddd6
passwd 1:4.19.3-2 arm64 de45c42b869191e0d1d6639989e62980052a77a449e77855b08a4012b2aa6baf
pci.ids 0.0~2026.07.03-1 all 99fcc66f4aae9b173d679851c090d949543202c703253f46a21b6639cde9cd46
pciutils 1:3.15.0-2 arm64 d556c5a7b59edd7c90ec8b43b8ba82a2dfc40b8be206e9773e7b515cee7d035f
perl-base 5.40.1-8 arm64 fb2ce6905e78b43322fd32cd0e67940820ebf879f9c7166a43d7d589d1bf69d8
procps 2:4.0.6-2 arm64 f9ae8726777b4a17bb6e733d881cae2ea5404631c3c985941685c69c63a0c141
readline-common 8.3-4 all 0fbae1769293deda3cf2a349c472bc50302225812d8900def5c9dfa02404ad6d
runit-helper 2.16.6 all 5807bfe97e9257863c4e5db03b0110772d543fe52dec92d1f8234a76d59951ae
sed 4.9-3 arm64 8637cfc7ccb30c56970af22c0cd911153c9f4ae848daeade050ac16a1e3b9675
sensible-utils 0.0.26 all 26a99bab6fb8488d385402a6fae2af8edb83fe9379ee4cbb2811bbdc40771683
sqv 1.4.0-1 arm64 142397af87b3f34efec7bccaf2a8ea04d2071d564b617f0dd1ef584bc3f317e1
sudo 1.9.17p2-7 arm64 c7771ab8916002299a301c51c4b40ee7558c2a3d64279534a15cd9e99c64aa6b
systemd 261.1-2 arm64 3ef98e01803d51c6b915a4c33dc3eada592dab91790fe7bfe11a7be9b50e53ad
systemd-sysv 261.1-2 arm64 c0837fa859af0345326344e6d3ece205510172d4ca9e29d35be7e21e5d11e202
systemd-timesyncd 261.1-2 arm64 e5bbe10cff9c1a55ee24da5c15db3f306e9f27bf9886a66cac64dc6f6a19c76c
systemd-tpm 261.1-2 arm64 afb8c934944e501979eedfdf4ed68d3c31e097519ef36fa2372d8efcf2171f7a
sysvinit-utils 3.18-1 arm64 eff5de69c0029cf4ef33fd6d1b951c9821f7888d9fc62504f472cbd1b604809a
tar 1.35+dfsg-4 arm64 e19a4c79a655c464f4e99d8032db9800533f66f3b22864ce12c4ae25685bedea
tpm-udev 4.1.3-6 all 38e21eeb553f5d752b09ca04dd9db8f9b10c8b6c1aed3364e09f7682ab7079ef
tzdata 2026b-1 all 33bf30639f45caf6472baa7a760e5e16ee4e4f8c96082ca85fd61910c317c82f
ucf 3.0056 all d96c7609eea296fd04fd8d47ea7c42800d6520b342851c00ce289acacd9aa685
udev 261.1-2 arm64 1a09835d1a48bcc41e2bed5885279c1aff1bf72fd18f44db85c428782e5e2f3c
unzip 6.0-29+b1 arm64 01b6cbb80c7235a5162dfa3f0438c276ac49aa6704aa1cabaafc2d8bc069c5cd
util-linux 2.42.2-1 arm64 3cc2cd9a10b4661df9382ea184469f5715ddbe453256524ae39ceee759f74497
vim-common 2:9.2.0524-1 all b65e5131e3852752fc1b4e88dbaa4c51965f7fe02edbf190e1d06bef12ec3981
vim-tiny 2:9.2.0524-1+b1 arm64 337fe51a378df90e2444d09cf08f9626ebe06ad924dc67bddab997cde0ab1b80
wget 1.25.0-2+b1 arm64 633c2e455953c8fa80b8e761d6167d790dc26a78ec370908ab8f7d54be07a6d6
whiptail 0.52.25-2 arm64 31e9aded556d38901d17dbdc3564c151b653d39dcc0a191ce56460954c4a5b1f
xxd 2:9.2.0524-1+b1 arm64 271db38772ecc533eb5b256b2ec902c78e8ad5b9b68ab9bd5d241bae5ee71fd4
xz-utils 5.8.3-1 arm64 0d8babfe7b70beea918853616782ccbd0f9f8a58ba2722efa4bb5409b209b15c
zip 3.0-15+b1 arm64 b451912061d28e797f271667924ba7e75e10c3b6f6975e9a847b277eba5cc962
zlib1g 1:1.3.dfsg+really1.3.2-3 arm64 a77a1a137da4f6e440fa638b00a60dc3d7124e9678402ea5335bc02e75bf267e
zstd 1.5.7+dfsg-3+b2 arm64 78839f5910128f3df9937bab9a6da3fbc8e06a59128c6d3cf2eaf2ef8716d987
