# Generated by `boot2deb update`; do not hand-edit.
# Exact resolved pins for the recipe. `boot2deb build` reads only this;
# re-run `boot2deb update` to re-resolve within the recipe's constraints.
[kernel]
id = "rk3588-mainline-7.1"
source = "https://git.kernel.org/pub/scm/linux/kernel/git/stable/linux-stable.git"
ref = "v7.1.1"
commit = "c9acdc466e9aa96352f658b9276aa8a45b8e817d"

[patches]
profile = "rk3588-accel"
commit = "7bacbdf24b03571a20a4e01f349e89a4938c1487"

[uboot]
source = "https://source.denx.de/u-boot/u-boot.git"
ref = "v2026.04"
commit = "88dc2788777babfd6322fa655df549a019aa1e69"

[userspace.mpp]
source = "https://github.com/tsukumijima/mpp-rockchip.git"
ref = "v1.5.0-1-20260121-750e76e"
commit = "750e76ec2d9287babfaf08c8bf395ebc5e8778ea"

[userspace.librga]
source = "https://github.com/tsukumijima/librga-rockchip.git"
ref = "2cffdf6f332c3ddb93eb087841d78e8b487db2a3"
commit = "2cffdf6f332c3ddb93eb087841d78e8b487db2a3"

[userspace.libmali]
source = "https://github.com/tsukumijima/libmali-rockchip.git"
ref = "bd33ee262f47fd936b831afccaa0759b3ecc2482"
commit = "bd33ee262f47fd936b831afccaa0759b3ecc2482"

[ffmpeg.base]
source = "https://code.ffmpeg.org/Kwiboo/FFmpeg.git"
ref = "b57fbbe50c9b2656fad86a1a7eeabfd2b2a50935"
commit = "b57fbbe50c9b2656fad86a1a7eeabfd2b2a50935"

[ffmpeg.rockchip]
source = "https://github.com/nyanmisaka/ffmpeg-rockchip.git"
ref = "f66f2f804627e4464c2d1b10181772b5437bb991"
commit = "f66f2f804627e4464c2d1b10181772b5437bb991"

[rootfs]
suite = "forky"
manifest = "turing-rk1-forky.pkgs.lock"

[blobs]
atf = "rk3588_bl31_v1.51.elf@sha256:2847c82a44aff28f1923eea31567c9cf01a7c4bcec4d3b9be1cbf6fcc965f84b"
tpl = "rk3588_ddr_lp4_2112MHz_lp5_2400MHz_v1.19.bin@sha256:e109f3e283c86ad74b6574f5538b11750dea4cab7668175717aa2af7994c28ef"
