# Generated by `boot2deb update`; do not hand-edit.
# The NuGet packages an app's offline restore needs, each pinned by the sha512 of
# its .nupkg. `boot2deb build` fetches and verifies every one before the build.
runtime = "linux-arm64"

[[package]]
id = "asynckeyedlock"
version = "8.0.2"
sha512 = "013cefa8f769ea632bc59da528e2f15eea54b9d78e7076bf80a4b94e077a9a38168c437a5b3f4a9cdaa56254e5331e5e92e886415fdf0f05a71bf5d2ddaa48b6"

[[package]]
id = "bblanchon.pdfium.linux"
version = "147.0.7690"
sha512 = "2dc2db7ea859fc9974a30d26cf813f4ef6d82ef524456261088373c5212a7adcde69a9648c44755c30fbd7ecd31f7b8e4dc2f1199069677a9b25cf46b3cc9894"

[[package]]
id = "bblanchon.pdfium.macos"
version = "147.0.7690"
sha512 = "e2d5e6fc36f491a2560e65b0614585f6dd0cf28c4d22969e400393a72ec2a3edd90abbf6905baaad47767c48af1e962a553bef59238f5d8441e30374864d23f4"

[[package]]
id = "bblanchon.pdfium.win32"
version = "147.0.7690"
sha512 = "fcaed1e6a684bf5c0a0f4fd71edc6920d29a4dbb2deee29c66ce8c44103cc4ab8a07feb74bc8c74cea361e784c1324a61f9ed0badd033f9cb050c8124595495f"

[[package]]
id = "bdinfo"
version = "0.8.0"
sha512 = "b9b3e42e71def59d5150ad4a830f8792b39bfd1964a5c975e509fcd47569cbaaae763da098346f852f90dcd5c82bf9136d3130819d12c1452b2b9f21cad14367"

[[package]]
id = "bitfaster.caching"
version = "2.6.1"
sha512 = "e048f6fe281221dc2f24265b7ee943e9b480636bf0571bcb802f7ac06dc0388a71bef1250a4a5c00cb3d9133271f9421e38b398368398ea426a81b10324eb6f7"

[[package]]
id = "blurhashsharp"
version = "1.4.0-pre.1"
sha512 = "ef78aaec48830f2466fb20d45e4b377aff678d40b8a9b662b8d9bead44c628ff46dd1aa640f77f714fedb2d22a16570d6f6c4567a08be89989ec5395e3d67e74"

[[package]]
id = "blurhashsharp.skiasharp"
version = "1.4.0-pre.1"
sha512 = "814833585a3899451ee37bedee485447c87788bd6986581a6267312715f8f8fe9aa3f44cbc11f8a19aa91625399c3c02152470d4c546c34c83d7408d49f85b97"

[[package]]
id = "commandlineparser"
version = "2.9.1"
sha512 = "4f364e45c9668c7e7cc6a922b488f3fa523033c20d7a432694f0a6af05ce528ea0481d8375e2f4f1032c6990347b4803ce9a0e48068c6fe15ec46fb1254f085d"

[[package]]
id = "diacritics"
version = "4.1.8"
sha512 = "2af2a299d538871e319179b6eeafec349ac61df3fa3f7264e6407ac89e075a2036201b2bf09ca5b45eb44567e3b5078544ceae23f51b694d4bb2cdc7c3dec1c1"

[[package]]
id = "discutils.core"
version = "0.16.13"
sha512 = "637e7448e43b8f022858b88073b9a10a937af6878846734ca19eee56af7d0f66a09aec007948eb50b16fc09c78b5526c38773487e956d906566d66459551c47b"

[[package]]
id = "discutils.iso9660"
version = "0.16.13"
sha512 = "6c9e2c62e2e25c119da650d5991375618f61d7935856a19ddef1f5626ccdff7ada3b32443e03272cf1ee68f384d29759d677dc182f8b9377bc7fddbbc4778998"

[[package]]
id = "discutils.streams"
version = "0.16.13"
sha512 = "81fe953b957867ebd9922c55713d1700ee9857345df63c565ab8ba8a3253929fc111fcf477494b6a713f615465aa62f55b17f4f651baae20e59296fe4af27696"

[[package]]
id = "discutils.udf"
version = "0.16.13"
sha512 = "cf8a49baae53e46515eabb53250e2d8d12956cffc61ce38c25abeafcde84b39b1d8e87b4ae9bcbb6293ac46e06743148bb312ed0f2ac649f1ce6c32c20fcfeb6"

[[package]]
id = "dotnet.glob"
version = "3.1.3"
sha512 = "9a3ffb310bf2a3383d869a6347c3578cc7c02318caeefcef73c4343d3b15592054f483840ea0d024e537edde6c63630ad5a90c5d8d3a41ef67f8033003dc3a92"

[[package]]
id = "excss"
version = "4.3.1"
sha512 = "654361946ede919a16c18e9ae70bb4ecbc17c03143102bcf82b9396923074c58c139d3ebb875358658d59cdc2e94c7348ef739b00addcaff9049f51956f20723"

[[package]]
id = "harfbuzzsharp"
version = "8.3.1.5"
sha512 = "4c604cc1221304044eed65dc4d752dfacef1a8f093a6fe6816d6cf2d5c6b12bc051a07a0ed6e12ef344ed255643ff3f72e414e63a19201b7c3914b99b5a90a07"

[[package]]
id = "harfbuzzsharp.nativeassets.linux"
version = "8.3.1.5"
sha512 = "876d691f7e218ff6ac5302e0f6bf60f685248409883657977f3d5d56f70f3abd01bced1807bf71599d7cafdc633bd108d134a712e4e97b174b2dc7027cc6290b"

[[package]]
id = "harfbuzzsharp.nativeassets.macos"
version = "8.3.1.5"
sha512 = "cc0f50a6c583074b829eda9eafe40952d150a1124ef613e86fb7c16f80f3588d3c72ab2700b1244919df4b8c7f98aeca5aa1c84f6e00b3bb786bb8541badb604"

[[package]]
id = "harfbuzzsharp.nativeassets.win32"
version = "8.3.1.5"
sha512 = "e8f9a57e0def9fea23ae1b3a9e0944fca30e89604e66d302b5ca16d3c90a4a2e94eb6611aca43a33948bbc958684f7423bf1f754c79ecdb537c6cdd1d4d847dc"

[[package]]
id = "humanizer.core"
version = "2.14.1"
sha512 = "cb3a8653f1ca34b67d52fafa92f49cdf0615fd2e4efc8be4948516e5617b32e8af18b63cc12e486672cf92dec3d4a5bc12dd849e5d08dcbce0daf196336e17b3"

[[package]]
id = "icu4n"
version = "60.1.0-alpha.356"
sha512 = "f043fff5f139070ff84d2ec0397c2fb571ced6fcf37e2161f68406e9df03b86daa12fbe12a977f6e9f6f1a9bf46de5792d83fd82e4a2c395b3201aa2a846bc90"

[[package]]
id = "icu4n.transliterator"
version = "60.1.0-alpha.356"
sha512 = "1d6552fb8125793b391626ac930075b0db7903041e79bb43394cb75d767ff9c749c83099d73136366773a802ccf4b7537aff21e7c4b7f668e272511f7107af5c"

[[package]]
id = "ignore"
version = "0.2.1"
sha512 = "8cc783d899640b33d115e4c6f972792c0bd54a1ab213d2065fef290718f675ef3154eac178311c75973d0f0b9f761998468c017167fb62dfd9a0e7b174e37b4a"

[[package]]
id = "j2n"
version = "2.0.0"
sha512 = "7b1fd8117c9608ec5a8502eb604760aaa81b3e490725b0d3fd055f2523053f2e6b9ddf15fb1101dff091949fe92da17a1130a2d295e328ee1a7a3e41a40833c4"

[[package]]
id = "jellyfin.xmltv"
version = "10.12.0-pre1"
sha512 = "0dd715f2268700e2ac3ec46c0e8e4854fac3956825ee7608e9814bc5946765ecd26aecb32404b60f268e9e37bf331b82ea8414b41477d0f822516ec12d4deea3"

[[package]]
id = "libse"
version = "4.0.12"
sha512 = "52d90de06cd61e2308d7f560e1e870fa41e3204c1e7155230dd344aeba05fd100f61b937efbdac69d02df0499c56d1ab5125c3fdbd691d554785efe14d767a50"

[[package]]
id = "lrcparser"
version = "2025.623.0"
sha512 = "d2f77bbda8e8c953ed6665e42733d983b8b913f69536b944ab06c0e7f6dba9649e9493b6fb9bcf9744ba5225010cfae8412b3529197dc247c7ba95b346b67531"

[[package]]
id = "metabrainz.common"
version = "4.1.1"
sha512 = "50a945baac40fae39fcb28fdd485a1b47f895de85db7a489370de713ba80268860cf2c8f98adef86b77cc949c5df6b63d8b0d3ead5afec1b90fc4010c287ff33"

[[package]]
id = "metabrainz.common.json"
version = "7.2.0"
sha512 = "c9c97895f378253c8c51ce840cc64e0ea102a5fe626597f4e6d45650958503e40f1977173ebe3ccd70cbd11880b51a7e02b6899e0a3d5b86dd77ca3f3151fadf"

[[package]]
id = "metabrainz.musicbrainz"
version = "8.0.1"
sha512 = "7cea2ce9425405701b57c2bf21b8940d5e1a515bd84db4f6339836f100f4986a491f6b80d17e18f61fcadecbab4073160e5bb8aeca387724d3350c4757edea0e"

[[package]]
id = "microsoft.aspnetcore.app.runtime.linux-arm64"
version = "10.0.12"
sha512 = "a9489cb37d82212ec1c5269cdd4f8b97139a688443b52bb08d4011012d593e82e68444c3e19e45a44135190c732aa8652bb20877457d1ee694e8f096145c3a39"

[[package]]
id = "microsoft.aspnetcore.authorization"
version = "10.0.11"
sha512 = "6181cfe99da0c68a852a6a957a561a58450251a3e0619490dff400b56b175d18543d6aac9e8d293a9e7b068366b363b9a3978d63a240ce8731ee62271b9edce2"

[[package]]
id = "microsoft.aspnetcore.metadata"
version = "10.0.11"
sha512 = "8124be2afa3000666b2d87814e3e4ec382255532efaaf49ab0552ab75761212596d925bd45f2a79a74e376e2806d560275a24ef68b2f27372fb9e7befb05a99b"

[[package]]
id = "microsoft.build.framework"
version = "17.11.31"
sha512 = "0098496a35849f6e03f6a4662895cb0257519b70ef2a2b4e42587343847198eda1e21e26bcdefe6349ecc7d9c97e5c8261fecb65d9fbe176cca305f12dee24b1"

[[package]]
id = "microsoft.build.framework"
version = "18.0.2"
sha512 = "7265e81a770022b0d982ed0dba6b572524c82eff4d1d4dac3e1ae591c91e7cc2b55c2b8952bbc2955c649af403a6f9b8b022b0485a255b601a9c608b349eb10f"

[[package]]
id = "microsoft.codeanalysis.analyzers"
version = "3.11.0"
sha512 = "b4ff522f32caef65c2131961f0a5dfaca6d4eb272664bdc4c4697f6b7325ecb372d9469a9bb8058e3526773c936243174f27240871e9cf1edb0fa04cba687c06"

[[package]]
id = "microsoft.codeanalysis.common"
version = "5.0.0"
sha512 = "b8ae72b254c94365339f3625b6d16e0c26bfe8aaee3756905bf64d1451ef2becb203aabbbd9e68d0148fbcb8fe0a89b5fd1ef0189d3b7363b494f71b0eb99077"

[[package]]
id = "microsoft.codeanalysis.csharp"
version = "5.0.0"
sha512 = "c304ff089390c90ef62dda2ecbb8234bfdd58bdda16c00285376347bfea66f7f7e569eda5ebdcfc6e043ef753642b2b5cf3813cafdd086f24fad05f4122592f1"

[[package]]
id = "microsoft.codeanalysis.csharp.workspaces"
version = "5.0.0"
sha512 = "172d01371728f5bed70bb2ca75382af8a93ad8729aa7210cd392cde6e6b736de8f678a737c0021fbd0e0fd55b86927e5818a22430fe68e7a2d814b8cf4d3fa2b"

[[package]]
id = "microsoft.codeanalysis.workspaces.common"
version = "5.0.0"
sha512 = "cdb289c889055bed81c7979097f21604b99b3d3a68f7f53201bb7cbda5535eca22e046255eb25fb42459994b26c903fba60dea28c891e9cccf7548d369d36484"

[[package]]
id = "microsoft.codeanalysis.workspaces.msbuild"
version = "5.0.0"
sha512 = "c7f857ebc2e1e1d2c6a9c28e32b2d4b96cdf5444e6edc8b0ab0f2d1bcc7aedb5421c238588f33c5e3e2bfd98c11605fa2150e7cedb40a095a75471e6320fc7ae"

[[package]]
id = "microsoft.data.sqlite"
version = "10.0.11"
sha512 = "a768848777f04157c74b73569c4a49013a9a3b041e4092f078eb3d881f5612c69dfc4fb4cb2b1a641a4855f9534eed325be21a6a38f2b31232497665a27f27d8"

[[package]]
id = "microsoft.data.sqlite.core"
version = "10.0.11"
sha512 = "a9203f6ac4ba2989d2514f83de143be1f55414bfae99de9c105d98948fca0e5e39d87009f6afc0febbac7bcf03edb519c9c3a3ad70e6761f421ae152bdcfe5d1"

[[package]]
id = "microsoft.entityframeworkcore"
version = "10.0.11"
sha512 = "e690895e52c640444ccb0140af22bc5419aff3a7fd22511654e29f1cd820f3b08252c0224387b58bc4653747ca0cd5f887ba842baa2ed7d051e2628d2d5b063f"

[[package]]
id = "microsoft.entityframeworkcore.abstractions"
version = "10.0.11"
sha512 = "68e3f54d4ad91ded17552ca98b91f2e78a7e2ad72833c78f917626d7c9f28046c3c71ef4eca26b404bb5e6f7748b773f36bd20e828ae933928fd8fb6c11b6a46"

[[package]]
id = "microsoft.entityframeworkcore.analyzers"
version = "10.0.11"
sha512 = "2e1ff2808e054979249884ba209ca535bbf9c75360207ba1d63c35e467463ee495ee0f3584756267c43238c7a0094c18e0baa97de7074f1a6a2e80d3c460435e"

[[package]]
id = "microsoft.entityframeworkcore.design"
version = "10.0.11"
sha512 = "e10ffe318d022deb02b285de2656cce5436177173c96768d50174757ad3ac20280547089f5831f3c6b08c39c84b38f35621572e472edc174c8763dd14c31e0b7"

[[package]]
id = "microsoft.entityframeworkcore.relational"
version = "10.0.11"
sha512 = "74b40a6d0be9b2a5b45a444078df41bd9e558401d0e1f44103f17098d3dc0ad5483d167019aba31d30dc59131ae2b6c69937935a8cb5186244d5b784cf89e131"

[[package]]
id = "microsoft.entityframeworkcore.sqlite"
version = "10.0.11"
sha512 = "03e746789bfe9e5a2672b595444416a7ffcfa1e7a3cfdb7d6f4405a5c658d9be9d6d29563589f2075814ee6afcbe65400aaea682fc2ae1c5112f23d9b6847fb3"

[[package]]
id = "microsoft.entityframeworkcore.sqlite.core"
version = "10.0.11"
sha512 = "4c75537ded5fecc3241c64f5178b44304e4a186f7d77ff974ebc948ab0e7c1df240aede6cdbbf07d71344be8b664819ea32ee6419457a8c009e2f4fecf02e9d7"

[[package]]
id = "microsoft.entityframeworkcore.tools"
version = "10.0.11"
sha512 = "c7811828e1299e907da9d03b8cc8e2b77a2e885a021616f7cadea2e09a462bd5b148d915ae292218bb9303b249d95305b1f611fa242ebf1a6c654de4288db7f6"

[[package]]
id = "microsoft.extensions.apidescription.server"
version = "10.0.0"
sha512 = "25e9ddc666061ccbb34870e47b511eeab7693cf1c8965e5a6f479650a4539138176dd67591575f15700534a7f67d2e13f2f0e9dc295bef6b0d2875739d1c5ae7"

[[package]]
id = "microsoft.extensions.caching.abstractions"
version = "10.0.11"
sha512 = "48247f1af3627b0af3b84ab929a709450b7ca22c1a330f6853f82ea380517f1081c0a3f449fda54bb3e2a1d506ec007d4440d1740d4d1ba425560e65ce13ab16"

[[package]]
id = "microsoft.extensions.caching.abstractions"
version = "2.0.0"
sha512 = "fc1f7d3f267d86ce18ba04aeebce36b4047f5a7c3cb2342a4209d3c0f1b0fa2f07ce70ea82a85442e9c9a54ec3102d63e5b88098a3f7c08468a835fb51fb423e"

[[package]]
id = "microsoft.extensions.caching.memory"
version = "10.0.11"
sha512 = "a52aa8157770c892a4729bb0f5e22344faac28ba4a69570022078153ea64f37417153f4c140680b93b62607bae00379583c697d2b114dfe09fd1fdb9d1782df3"

[[package]]
id = "microsoft.extensions.caching.memory"
version = "2.0.0"
sha512 = "2b46b6dca1b37f2b45c4001f7c52c5195fe2d488f32e2658bf025a1772c875a04555e84991385bf50d51536f6c2d53e16c8e23253da07a52f95d23e15f1a6bd3"

[[package]]
id = "microsoft.extensions.configuration"
version = "10.0.11"
sha512 = "a692adaf2f0abee2c32aa59f25da3bfe396abc3ca52ad9c3760a6b04c9b58455ce32b9a6d193a39aab9cc1a033bb3eecd9bd1ae8a35550b0e2d864524846c604"

[[package]]
id = "microsoft.extensions.configuration.abstractions"
version = "10.0.11"
sha512 = "5794faa2639cad976a759cba604f710f3ac7fdd8c1ef8f7bcd12ff0a4322719c9e7bc947a09f33060a2ee20f2fbd56fb435da94d4ad6dbbff8fcd0d4016bc890"

[[package]]
id = "microsoft.extensions.configuration.binder"
version = "10.0.11"
sha512 = "5c89019ffee44d715d3afcdbd3f7c0fce29010f5115c7066a1f32650196ae8c6f878dc087fd762fcdb7c76c1eb53d72674bb9b2b40c75feb3ffb205a3445b314"

[[package]]
id = "microsoft.extensions.dependencyinjection"
version = "10.0.11"
sha512 = "c6bbdacb761ea3d332e2c2b908c0feb51f4763e5f4364ed8a3f5bcff8b82c0ed59ce7173047c570d5682e2aafde1b5dccc831db2a5e0d9c361155cbda1b33613"

[[package]]
id = "microsoft.extensions.dependencyinjection"
version = "9.0.0"
sha512 = "3cd3f939c041941c3d6f185e0b0e29a519c9a561d61716c4574d8ef447bed0a9f787508f88780c53ba9e9142aaf926147024500784da88f3955a041a5350f8cf"

[[package]]
id = "microsoft.extensions.dependencyinjection.abstractions"
version = "10.0.11"
sha512 = "e8368ff9fab1dc60462c65c207c8dfbdb4369132998d0c71c19a53f12ae80b9f4510ed05be28208883a9bcb6cb5ddf679c59f02ad10d8b6d2513ca9102dfbd5c"

[[package]]
id = "microsoft.extensions.dependencyinjection.abstractions"
version = "2.0.0"
sha512 = "54deb3578c6430a23120fe3c910cd789e64f59751e18bdccd6742f8170a6e38100be2d9e0b48188ff95dadf3dd7b8245dd33b2a4010d66fb895f5aa44c50207b"

[[package]]
id = "microsoft.extensions.dependencymodel"
version = "10.0.0"
sha512 = "c6fdc378e119e113beb187647b18aec0c71d9a47ab5b975e849722861b2dca234f461d4f87b0ee07d2c8d5aef8125aa37de27bbd6e1b77c2ddace4ad887b5660"

[[package]]
id = "microsoft.extensions.dependencymodel"
version = "10.0.11"
sha512 = "7658bcf6458cefd4323752e703f0363fdda0f27466706616e8b198ae2ff24ff6b9d37fb8973d3f2b3da19db2f0fd512b019a2eaefd790d014905173fbba019b9"

[[package]]
id = "microsoft.extensions.diagnostics"
version = "10.0.11"
sha512 = "14cbfbe764c65a1bd16e319234eee31a938888980011b2e39fca750706d79350f9348f1d070493ecea9c64f8f5e8731f913fc9d816d65a70e769ab3d94f3c925"

[[package]]
id = "microsoft.extensions.diagnostics.abstractions"
version = "10.0.11"
sha512 = "0d5834c2d29e947a20a84ed52ecd0aeb0e2f30aa3b96c5a11f5cd8a2f8d241a264fd53194aa9c7e402842bb88583a0cafad46cbd2d1cd0db42eb1f40074ff9bc"

[[package]]
id = "microsoft.extensions.diagnostics.healthchecks.entityframeworkcore"
version = "10.0.11"
sha512 = "490dd2d7a7fb5cd3f89952860ed041b92c06d270696abef81c76c60d66467e9df5a965e318ec976efa9bfdf9c7f80cc51cd3b59caf1970a764a9f57469c0bd12"

[[package]]
id = "microsoft.extensions.fileproviders.abstractions"
version = "10.0.11"
sha512 = "68f42444756322e3cea090f39cdae3c15745467238d8018d41ef873f9bc50d21cfbf68f62ae24483b59573ef9e1f164776a14708f4c6f46a8f73e87765d28ec9"

[[package]]
id = "microsoft.extensions.hosting.abstractions"
version = "10.0.11"
sha512 = "1edcdc4e350ead17b68ea0a1b62ac4ac8e04c2fd233f87235438e22c08e24aaa78cf7acb60787a3c7f5d1f5a511e4b21a25b53a858ff1f108092f728d43d3752"

[[package]]
id = "microsoft.extensions.http"
version = "10.0.11"
sha512 = "0344031dde87226b9fe2d7ca72f3a571a67b5af56b0303205000bdbbdcddde0870b34b0b1df03d9f9e1c98502b4d6ac1aaf3b929eef7e54f33fc22ebc248483c"

[[package]]
id = "microsoft.extensions.logging"
version = "10.0.11"
sha512 = "a6b1847679c68dfdd6df9a508b8c363059e63f05ccf626e5d43648eb5969d6a3de2e2225965597afe6c25dcb960ad783baf16142e7bd66c902ed8c374402551f"

[[package]]
id = "microsoft.extensions.logging"
version = "9.0.0"
sha512 = "38b8e95ad6133abc93b207b5f4ca8fcc582d7b8b137a9af060939f78ef4f8247b3e595b4caef7133928174d571a7c0d31ce3b3ad31e8188fa3472cdc37c8e7e9"

[[package]]
id = "microsoft.extensions.logging.abstractions"
version = "10.0.11"
sha512 = "5a80ba6d298e07a3b9e665f7a534356d76dcc3f7a85bc30ab34e640322ccc153ed3a03f807f7cea865c21cefdfbdecdfbbb61f397128ea689dafcf6814bb62b7"

[[package]]
id = "microsoft.extensions.logging.abstractions"
version = "9.0.0"
sha512 = "fcaed8b683033737a9ccfb361a41569663c045c63997887f376726748c58c92d79c28796f132ef7e561c9cd9602c7011e1fb112a9d30bf9973626587b0ae5d74"

[[package]]
id = "microsoft.extensions.options"
version = "10.0.11"
sha512 = "2064f042903bf8451c428f90a94a49c3dfb968b086018b0f7346fef9eece89d928a10b94ed2b85e10310a2456bc0faa06640e0741ceeaec720ae65f213b35c88"

[[package]]
id = "microsoft.extensions.options"
version = "2.0.0"
sha512 = "afc8ef803afe1d832eb86f023bbbd5dc14b76583ce191338dfb2f7ff030adcec71d35aac194d4efcf0d08e5af572e2205e848fc137f8812f8ca85bde72e11e33"

[[package]]
id = "microsoft.extensions.options"
version = "9.0.0"
sha512 = "05e7c9042523094fca2fc81345b157f5e78e42f03917b22458528dcb9fad77215f0f6fb078eabd3032022c9d66d7fffaf7f32437e29fecc613cc597ac0770b9d"

[[package]]
id = "microsoft.extensions.options.configurationextensions"
version = "10.0.11"
sha512 = "56807ab609f040b82242bcaa0978c9470e139efd1cbdd65a6d9bfac785a49795eecb0a5c72777cfc4cf09d467f54707f4143f2e024862dc98aff6f5de39670b4"

[[package]]
id = "microsoft.extensions.primitives"
version = "10.0.11"
sha512 = "2fa843d31f8fdd9ba8f29a42b53c8b141df735f06eec50b98e1f0003d1b9ff1dc5332d04720b95443a4526f0f930163629a4e75f19f512c5dfe68b34ac4a8e6e"

[[package]]
id = "microsoft.extensions.primitives"
version = "2.0.0"
sha512 = "47284b149a0cb337dbbb5af3fe0ce8aaf3ab760b275f193407f3387ca8ec25d6fafc8dedd8c755ab8b35756b3c84e5ca8dcab6ea8bec2cbd543cba304ec69371"

[[package]]
id = "microsoft.extensions.primitives"
version = "9.0.0"
sha512 = "679d7986b0dc51b41addcb0bb0de1c6d8bb80f6f4c6bf19e929afdca8784fa8cfa3e0e9a8ca634bd3acee4cdeea83a43a3290f60e871e609502eaeeec1aa945b"

[[package]]
id = "microsoft.netcore.app.host.linux-arm64"
version = "10.0.12"
sha512 = "b848ffc37fbe9c79eea94bb4c957795b277972b8d0f49606b964718bc3b0922d3c35a0c4bfa98cd40c0f1a4a7af9e6226e9752350d0d3f0194d86257a343c9e9"

[[package]]
id = "microsoft.netcore.app.runtime.linux-arm64"
version = "10.0.12"
sha512 = "c22ee365f184553b9a8e20f9471fd12f9b064467079f977a514ea8fc7e8885ec431e556968f1ade51e8989c21c10489eb4a01811ab6e30ccec4a7148dba0c86e"

[[package]]
id = "microsoft.openapi"
version = "2.7.5"
sha512 = "12cfd227a0861ea191f50a2aa440e3bf9607926e0dbfa2678998f5b677da51b57bc26090998303fa1a29ae3f2ff5e9ccd7511406c7b4ac5274c93df865618c7c"

[[package]]
id = "microsoft.visualstudio.solutionpersistence"
version = "1.0.52"
sha512 = "947c8c9b98f9c11c15682def9425ab147d851b2d92a45519a8bbd8873c1fd5c1142100940a153deb487c92d78549fd356642d2809c2bce79aca708d6f243edac"

[[package]]
id = "microsoft.win32.systemevents"
version = "9.0.2"
sha512 = "7a23ef068155407bc6fec4d457b2d01ae79ff1d99877becda54b739dffa20727c84956b007a33757fc058f987b1a6675f6985b055b83b572b9fbb8eed3387b9f"

[[package]]
id = "mimetypes"
version = "2.5.2"
sha512 = "0484afb938a3ec03e1df3fcd099e7bbd389c11f0dc6f6f997c1893818559584d0f15a340412bde2cacec2dfcd0dfe6f8389bc9e78fb7d132b98f93b3b093ac7e"

[[package]]
id = "mono.texttemplating"
version = "3.0.0"
sha512 = "c29f7669b51d5757e18cc9f64e40e743bd52da8f6b685ee1620b20a20248da2aec55445cba504cabbb8b600aeeba6ddf19c08e0be62e10b34d877fe9fa6b7f9a"

[[package]]
id = "morestachio"
version = "5.0.1.670"
sha512 = "f2308244c2192c6a5c022aade5cf2733c009ce4f0196ebe31a902c0f243f7cf9749e9b8a0e624702aa1bc3b60d5725e67495f4c0f58ef4ad08256552e164ae7d"

[[package]]
id = "nebml"
version = "1.1.0.5"
sha512 = "294b2e85e8f03c4bb37f15e7a9dcb94d317e8944b73f8e0e24c34d1ca461a7fa015d4b1a85467d6ebed13e42aa8a64d093c51499e847b027d903d01292136ade"

[[package]]
id = "newtonsoft.json"
version = "13.0.3"
sha512 = "99b252bc77d1c5f5f7b51fd4ea7d5653e9961d7b3061cf9207f8643a9c7cc9965eebc84d6467f2989bb4723b1a244915cc232a78f894e8b748ca882a7c89fb92"

[[package]]
id = "newtonsoft.json"
version = "13.0.4"
sha512 = "6d1faff84ff227a83b195dae5f0d8ead44a36187e32e438b0bc243e24092db79ac2daa672ad7493c1240ef97f01c7fbe12b21f7de22acd82132f102eaf82805c"

[[package]]
id = "pdftoimage"
version = "5.2.1"
sha512 = "e1dab284495ade5528094e65d0f846a42f87eb7c90f795fe5787d71668f3277ff2fdce82b7f627217ba50c0dd83130e5e753d859a9c7a2f87ab392f9eff4215a"

[[package]]
id = "playlistsnet"
version = "1.4.1"
sha512 = "903c52d34062831b99a6d632f175e22e9afb247ae3618bfce8018b0595784264f0dbb0b63bf139d65dc8e34efdf15bce9e7608af1a8dee87765523193f85a850"

[[package]]
id = "polly"
version = "8.7.0"
sha512 = "8dd20a2d9b248de1076db9354c0d7d09271a2b1409d900da7ddc4550ca989b99d32bb3a13073fcdf384e240decff03d9123154b1365b48e2ce0845a8edfd55fa"

[[package]]
id = "polly.core"
version = "8.7.0"
sha512 = "dc659a8724e58ffa891ec5125ba22491584d26eae78c43cf891ad90087fbe2b98cdbf01f9dc6faa2a5a2e174bc512a0c858a10eb4581f84b382960515e08e435"

[[package]]
id = "prometheus-net"
version = "3.1.2"
sha512 = "140f9817fc9da297eeea6b7b6d03303d53364268bbda89cf76f56b37692c94c6fa160c2d0d475fc1d07857a64f21b0c7202178a5aaa0e64048254b6a0a439ad9"

[[package]]
id = "prometheus-net"
version = "8.2.1"
sha512 = "f7094a591be84d1b8171081cc0c30e8ee4d2adb9118eb52fb53830f789de29960e86e17278dd44da439b5e463151fd7602dbf5bdab838c2b4626812b3d2a4ccc"

[[package]]
id = "prometheus-net.aspnetcore"
version = "8.2.1"
sha512 = "3ab7a9556aabfb429f87478b6e7e4eaed4445832189c670a245e8c77349946c6c2b278f30e6bfaa9ee9a5412789b300a70d96d5cf5d5f1b42b996f70e9660ffc"

[[package]]
id = "prometheus-net.dotnetruntime"
version = "4.4.1"
sha512 = "62712e2d734722927f6ee382dc4341efd0267549197dafa300e57692d40b46e7640d12c14452c0a9d298bc497b2831354fa531403ef64a0c8a187f1f98d951c5"

[[package]]
id = "serilog"
version = "4.0.0"
sha512 = "1f6279bcfa93ca9c13180dd7c7e5944d5351358b9cd3a360cbbf12f2dda508700cb9ffadeffd4dfe772a6ddb2c029e2c3473e655a3b660a644de51d67133268c"

[[package]]
id = "serilog"
version = "4.1.0"
sha512 = "4b0bcbc6ef35b4d1914dc870f3ecafc4a7e320b66842f8fce03d733874fd4d171885343c91e43dd1d5e49f55c50f948cf6c681c64819a8632187309ff82be15a"

[[package]]
id = "serilog"
version = "4.2.0"
sha512 = "e6e3335a3019d18420018672c4ccdc9b293364785f24222ac5598fa80e6be592826b142ab29881f8d1a1a8a3f5016584c014aa4cf99deaaf4350a7ba3cb7897d"

[[package]]
id = "serilog"
version = "4.3.0"
sha512 = "8f647fe61de431b0a0d40a7f90cceb950a3c2a9878422e0f5721186009b79210a80b3035e78061c935b2fa01a8865560b449314a2f51e352d3d96c30ef2b2cc2"

[[package]]
id = "serilog.aspnetcore"
version = "10.0.0"
sha512 = "ec14d379dc64408b3346935c40adb89d071f063138115437d29dbd50e614d909fdc491df67a275e9671e92c9db6e64970b09c27e39b031775e3d2fc9da82db95"

[[package]]
id = "serilog.enrichers.thread"
version = "4.0.0"
sha512 = "d776603c04a031634dfeb64203e3ed4204eb96d503ac8183d5ba231259c55cd4411359116164271e38ddb949a9c4604f4946021c52c34044cda85797e6b4a7c2"

[[package]]
id = "serilog.expressions"
version = "5.0.0"
sha512 = "a5bc5f17d0973b9e23651d817b8a48bd311de20d62bf4e0af15ff68e517584e071c09c0f84b71b63560aa15e498dae64eef2d60725b301b46410bd1a12c05af2"

[[package]]
id = "serilog.extensions.hosting"
version = "10.0.0"
sha512 = "cf67dccaf4adbc3fce2f2ee773b3f746d94c7cf8094cecdc7bf58fb5dcda80f30ee9ebb89153fe26d4477b195dcc48db542f18bcc56c55f8615d1d98aeeeba8e"

[[package]]
id = "serilog.extensions.logging"
version = "10.0.0"
sha512 = "2fe089f70ea35f0cf0f57a358b641e203b839dfed26a7a415fde24cbd06144efe5daba25beb79b611c2e5f5426ab0b0f14f76a49009e55d3480e1c31aa638bd4"

[[package]]
id = "serilog.formatting.compact"
version = "3.0.0"
sha512 = "17d3e78425c5886f2afdaa522325b6899836a00cfdc636cf0f9ae2d4552a1a04f5602ff5671912615079ab13262f5cb8f0836b5c56a66eafe5df6c1ea15d4286"

[[package]]
id = "serilog.settings.configuration"
version = "10.0.1"
sha512 = "27c44d260ff3dc590211f40a77d8f26fe20b56e53127ef8e339c5e05b2c8c48e3d03e3b12a90ddfa579775855415aa949fb534fcb0fd391673754fd10dab10d6"

[[package]]
id = "serilog.sinks.async"
version = "2.1.0"
sha512 = "04c6181f987cf459d96ffafca2a7cb7d5bef0f5b079277deb5ac009d238929ff8b075b2e73504330505462d76652ce106966dd3a0407c8799bfe5d0bec7f0fdd"

[[package]]
id = "serilog.sinks.console"
version = "6.1.1"
sha512 = "f4474707a9bcd96d6e8faf3feb49dac71ce1c1349e3b1681dfcc5b21a9585f0377261a421b371b0d5e0e734149c504a18fe0efb8e0ea42dc798f039451461f08"

[[package]]
id = "serilog.sinks.debug"
version = "3.0.0"
sha512 = "06d55853c3be544ce920cb2aea038c3557c61255f449f358b5975239766d586bd0f6d2cc87fb66e69849f7a9b7bd1e74cd4c33672766459fb63e323842162ab2"

[[package]]
id = "serilog.sinks.file"
version = "7.0.0"
sha512 = "6081f48413e3c04b47df1737af1b6b1d21dcb2d60c1fe7a866da6c14d702c50995fed33ea07058e975e5b925269e675dc340bd20a3a2a167b05e14ead43f5419"

[[package]]
id = "serilog.sinks.graylog"
version = "3.1.1"
sha512 = "4509679ad467ca5c96344e08ed507684acce267d31865c3057bf1eed88fa2b66f9fd85d142669dc2fbc891ed82a04fc45d82aeb65d0ff2f4a4903fde37926470"

[[package]]
id = "sharpcompress"
version = "0.50.4"
sha512 = "2b5c439b9a96075e0397cc6a50a78aea5bbe169f30f922851011aa2630ee43dc434ba62b3a672c9b6f29aed239f6d14a24992d5992d0c6f61b79dcf4cdb4ade8"

[[package]]
id = "shimskiasharp"
version = "3.7.0"
sha512 = "6ef87c0aa8b0913c5a5a26a59511a6a947ec18b880dee75b756982d6d3bdff63086d61302f9301ba7d079ba8d9bd88e275641b4482f9b782562aa546151940e9"

[[package]]
id = "skiasharp"
version = "2.88.9"
sha512 = "3a2ffa5e05f45cdb80e6735ee947e91e08ff145fc50c7882e75d44b6ae0c2cd733420d15b6a4274a186b3a79d463a1273e27ff7fd79a51d0937251ebb6ef761d"

[[package]]
id = "skiasharp"
version = "3.116.1"
sha512 = "356ad6ac0437f9c1d551c9ec1de8571eaa7d00cc4a7a43911df732ca2b4979d8f1602316abd8d24f3ea00dd365998c8732f4bd7e733ad37d331357127dbc5f1e"

[[package]]
id = "skiasharp"
version = "3.119.2"
sha512 = "5655084b43b5cb7442ac8108210eccf810108e7de412e11dd387fbafe04eeb7a90c22f8787c2ac6069963e36099ed630a210284fb0545a98294ebf32b756217d"

[[package]]
id = "skiasharp"
version = "3.119.4"
sha512 = "712925fbacdfbd34c5d7c06bce5b2ae19c5062dcf4000aa57ec2c446b4b6cd6827c58153027e1c6090ec264f0997b347f4459995c88c21db094c4d9240ca95a5"

[[package]]
id = "skiasharp.harfbuzz"
version = "3.119.4"
sha512 = "20f810855cb1cbed5d940b08fd643d1377e78f80a49652a91494e1588aaf0c1eca611af0e63fcb814bc9871a49aebd28e79849e0ebf040f76f199cfd0161fb59"

[[package]]
id = "skiasharp.nativeassets.linux"
version = "3.119.4"
sha512 = "f839cc35826b865ad45180427a16e2d7797be838192335aafcf3dcfda8b110ca04d7cf1aebf5f300c4adbf875454638d476fe8c44e9b32b388562bde0d558f72"

[[package]]
id = "skiasharp.nativeassets.linux.nodependencies"
version = "3.119.2"
sha512 = "7efc25b2d180527d63d565a810d5a41ac524309d29beae185159b797c198e856d8c620a437cad05649db57c0515df2b39bc4cc65fbe6168cb8e694b84f960606"

[[package]]
id = "skiasharp.nativeassets.macos"
version = "3.119.2"
sha512 = "8573881ad34053595a638b10e0e894d21363ff13ec8a32e0b50ebbd66632d1e058a5994ab133e7ce75e06c4779596b869facab9e41d45bb296f26dd97540a5a3"

[[package]]
id = "skiasharp.nativeassets.macos"
version = "3.119.4"
sha512 = "518871337537a3fa204530d70265b8fdcc81be29de8c8871b6a20526982372cc4f56e218e552e0c6cf3778fb8e05f341bbbb7f59e85317ec3810be6c7620640e"

[[package]]
id = "skiasharp.nativeassets.win32"
version = "3.119.2"
sha512 = "dd60dbc4d812d4c7d85fa47a4c2ead0c00c5b96ec0224a97db9842ee1e813c5de49f2b2c643c2d6463c294d4808e541da4cff40080bc3d847acb975088c4e359"

[[package]]
id = "skiasharp.nativeassets.win32"
version = "3.119.4"
sha512 = "445bfd7c9305522e385110a672a43f15acbfb36b5c985c5af540db534f99ceb3a7ddf933a20587ee0527b14edf1b19cb9b167e781bea275ca2b3b77d9a0259cf"

[[package]]
id = "smartanalyzers.multithreadinganalyzer"
version = "1.1.31"
sha512 = "0e703633c4e989fd218620ec76a21bbbd9dce34f313ea1dda8d698be11ffaf08d959b8e2d9c964aa661e7dff3611003504c757ce8cc956d8626fa2ab21c482fb"

[[package]]
id = "sqlitepclraw.bundle_e_sqlite3"
version = "2.1.12"
sha512 = "29b78a5ed88cae9c5dedd160b27a2b03519c8bfc554430819a47d935d8a213595ae8e75410cb724d32774c17829fd9c8bd9817a39b8277d7550a38b7032e8bb8"

[[package]]
id = "sqlitepclraw.core"
version = "2.1.12"
sha512 = "5a09a0c8ac062d347a65f21fd7ed5d14dc6c3b2a7d1a6b14f588e37948e0cfe3599f0da1ca3541d14f2d693d59d6fbf6d6ce7e82f847437beda596a3b0c28962"

[[package]]
id = "sqlitepclraw.lib.e_sqlite3"
version = "2.1.12"
sha512 = "0e58be10b28db915f483bd94ab62363996b9ce08b87f049757825edf0c85ee31fda33e8029103dc17233330b95796ed17c065d49580870479964e379f4b76d88"

[[package]]
id = "sqlitepclraw.provider.e_sqlite3"
version = "2.1.12"
sha512 = "9384426e53fe1dcd4901cefb72b57e7c564b8997893da63c563300f24be48b4d19d1da211bac715f0e2a92e5720940b6f870a16e1c16fb27619a39a551901751"

[[package]]
id = "svg.custom"
version = "3.7.0"
sha512 = "b5e44b07dd24fdc557dc1eed86ba8f686d8abfadb9e2f2e05edc0e9263dc3356dbe384d589c553296fc0eed78f62f66545b66b592438fa966d131eade7374e40"

[[package]]
id = "svg.model"
version = "3.7.0"
sha512 = "e29ac3cbe32df307ae068d2b89a187eb344fe7a71ac5d9bdc77141f58402971695081b19f9dc323b147802ac9192e440cba4df64a094cb5abe164fd76d896acb"

[[package]]
id = "svg.skia"
version = "3.7.0"
sha512 = "703b7fcdca479748cb32b23d51aeff518896a10b2adbaaef1fa81346e62bce3f55a95d3f7755de9b94958f816f125efabe9008e128ccd340f62637cee4537086"

[[package]]
id = "swashbuckle.aspnetcore"
version = "10.2.3"
sha512 = "227bb3529a7260cbff727d20bae694471258e878557b9f1f1afe7c39a75ef1274b7b8f5ce460131fc0c403ecd0bafc84bfdceb70d1438232ce9cc611394d5899"

[[package]]
id = "swashbuckle.aspnetcore.redoc"
version = "10.2.3"
sha512 = "d98f1c39da6001f1eb1414aebb2fb0a62b826c073c79d09747e0f4dbe31f51ad929f9a4bc6c7ab75956edc63e2474d52caab9a99246899e1f875fbdc7169d161"

[[package]]
id = "swashbuckle.aspnetcore.swagger"
version = "10.2.3"
sha512 = "9ba227c1e1aa2bb673665a8ec26dd83e55641f8b7769ce394ad4d4db5bba2901c39e649ad6f37dd2e191a8cc41b941b07d86cb1a85a39623408bb8ad71c2c37d"

[[package]]
id = "swashbuckle.aspnetcore.swaggergen"
version = "10.2.3"
sha512 = "71322fe48ba37c1c77be0292419e1f993c6e39819bea0cabfb2fb83b930be28aced0300be9d45abe0ff410e43667509d7ffe83fcc175612f657729c716e2d833"

[[package]]
id = "swashbuckle.aspnetcore.swaggerui"
version = "10.2.3"
sha512 = "046afddff3aab45262915a4f839371dc9ba5d63c16ae894c721df75e437f3aeac03b7f688189b9d8e089ed215ebfb4cf28aaf6f77ae1a219ca79ca70b21e7976"

[[package]]
id = "system.codedom"
version = "6.0.0"
sha512 = "2b911b7c9bc524c86562a26547dfc92a8c774ed5937993a4a22e8a9ca1b146151aeaeaf15e4271ff6fe6cf20af634815aa1485a5a4c48d24acf39b2a6bc3cf27"

[[package]]
id = "system.composition"
version = "9.0.0"
sha512 = "6967322bdd27202847cb1abbae943cdc16efb7fb7d9755fac90b64bce0da67eac99581d4315a528e2d185c86535f956571644255115d78463bebb0423b3b9e6b"

[[package]]
id = "system.composition.attributedmodel"
version = "9.0.0"
sha512 = "a18b90ce522f3b7d46c52953a3a34253e4672bd7556f59b5e7804d13b5469bd3d4c8933e46b390b2cf1c35b323fa221655ca7a5519f2265049dcc7f3628d7800"

[[package]]
id = "system.composition.convention"
version = "9.0.0"
sha512 = "dde7e1c67ffb85023d90dcba33a514c16acc242cdd059678864612dcc531a97c86750dac2c2593a17d672e79eb45869f71d45230e6369da30f36544010a0c018"

[[package]]
id = "system.composition.hosting"
version = "9.0.0"
sha512 = "ccb3c66cc630eb2d86a0d0637283e7bd7b7bc1224cfea206d5f5360e8f240ce6c34d85871ba7c53a1ba5495897d08a768fea867ae0844aa12cc02446fb10efc0"

[[package]]
id = "system.composition.runtime"
version = "9.0.0"
sha512 = "3fbefb6813c8c262ef2f443c98f03b4628a899f8ea2d36e95ffc732a993b61324b72f3c3313bd121f345a209c4a5f25844b69d07299a04853cd6f5b73336589c"

[[package]]
id = "system.composition.typedparts"
version = "9.0.0"
sha512 = "edbee6927e07d35e3d8cd283d6d651506da09a4b333733ba600195fb112cc5d7c853ee522e1c56458269aa6d732b328d773a4a516f77a3210519c4eea0dbea1a"

[[package]]
id = "system.drawing.common"
version = "9.0.2"
sha512 = "0f8fdd420cce90c8c2b3cf07da5cb6b875727dcdcb9e108b9c3d51d0888a975eabd291dc5f26efb713ee304f7b3767a902630ab3d5e5c66b02af9ac69a4aaa0e"

[[package]]
id = "taglibsharp"
version = "2.3.0"
sha512 = "9be37f6431f6ead36babe78dc6527340d7b4b0fe444736aaeae5aef3651191d4e0421d9d671106aea544888695d7841000fb12f8a44aab1b5fe93fb7c90d983f"

[[package]]
id = "tmdblib"
version = "3.0.0"
sha512 = "92c3d91eb046968c213b2dbdf4ad46f8d881a8f27d7f96b477882a676641555dda6d5c1e07d2358a1417628ef5dfd269bcefffa12921c3cc9e5363211a3e99de"

[[package]]
id = "ude.netstandard"
version = "1.2.0"
sha512 = "29c5e5a43cd2a0a9dc770ac3ec9976c5ef922622d114bb12cfde950f58d45fbd385e013d170df6fa2d45f9c56d29738bb4240b4f1c3a0e3908d9f99ff938c3c0"

[[package]]
id = "utf.unknown"
version = "2.5.1"
sha512 = "342b4a01af4cfb0a0b77de0afd7c6393fafc124e72b420ff1f7936891aa259e6a55129d46e54eb5d7fce9759a6ab52ebec89045fcffb23148324ebaa7b604629"

[[package]]
id = "utf.unknown"
version = "2.7.0"
sha512 = "3ab530711e4bf6c705a563c1abf4f7256a7b132fcba890259cb3319d052f3df1863b647c7b5cb0cd23a3e51e894b0021ba519638c08aefbd861a602d2a221380"

[[package]]
id = "z440.atl.core"
version = "7.16.0"
sha512 = "7907b5ffa45f739e04ad49ea2b30b3a00527cd2480bf625c795a765d084a983411181fbd40fc9f035fe7df6ef803da84d6f1a3c40dc861c4b0ffdbf3375ab1c6"

[[package]]
id = "zlib.net-mutliplatform"
version = "1.0.8"
sha512 = "c329dc559df3eb4b4bf2f832f37442af6d1be625c97a904f25bc4078684e4716d769ee2c1215329e78a299ec0f6c8a90d6ed1e3116162433f490a7bb54d30b52"
