# Generated by `boot2deb update`; do not hand-edit.
# Exact resolved pins for the recipe. `boot2deb build` reads only this;
# re-run `boot2deb update` to re-resolve within the recipe's constraints.
[kernel]
id = "rk3588-mainline-7.2"
source = "https://git.kernel.org/pub/scm/linux/kernel/git/stable/linux-stable.git"
ref = "v7.2"
commit = "8d3ae59288f1e7d58d76558a6ee96d533bc5019f"

[patches]
series = ["rk3588-accel"]
source = "https://github.com/gregordinary/patches.git"
ref = "main"
commit = "6c3eccbeb78205ff3b612923c05afed800348c5f"

[uboot]
source = "https://git.u-boot-project.org/u-boot/u-boot.git"
ref = "v2026.07"
commit = "ece349ade2973e220f524ce59e59711cc919263f"

[uboot_patches]
series = ["turing-rk1-recovery"]
source = "https://github.com/gregordinary/patches.git"
ref = "main"
commit = "6c3eccbeb78205ff3b612923c05afed800348c5f"

[rootfs]
suite = "trixie"
manifest = "trixie.pkgs.lock"

[blobs]
atf = "rk3588_bl31_v1.51.elf@sha256:2847c82a44aff28f1923eea31567c9cf01a7c4bcec4d3b9be1cbf6fcc965f84b"
tpl = "rk3588_ddr_lp4_2112MHz_lp5_2400MHz_v1.19.bin@sha256:e109f3e283c86ad74b6574f5538b11750dea4cab7668175717aa2af7994c28ef"
