# Generated by `boot2deb update`; do not hand-edit.
# Exact resolved pins for the recipe. `boot2deb build` reads only this;
# re-run `boot2deb update` to re-resolve within the recipe's constraints.
[uboot]
source = "https://git.u-boot-project.org/u-boot/u-boot.git"
ref = "v2026.04"
commit = "88dc2788777babfd6322fa655df549a019aa1e69"

[uboot_patches]
profiles = ["rk3576-loader"]
source = "https://github.com/gregordinary/patches.git"
ref = "main"
commit = "7b3bcb9d5904088298adf566f807c020c0c28b24"

[blobs]
atf = "rk3576_bl31_v1.24.elf@sha256:e2cf4e0e920dfe1daa6412c05f49dc7e5c0f9888d3a3e8eecc85fbe1e86a23d1"
tpl = "rk3576_ddr_lp4_2112MHz_lp5_2736MHz_v1.12.bin@sha256:17f54933f87d22f72a7c7c548b1d0c79cf804824064c626be25d42d6863b831f"
