# Generated by `boot2deb update`; do not hand-edit.
# Exact resolved pins for the recipe. `boot2deb build` reads only this;
# re-run `boot2deb update` to re-resolve within the recipe's constraints.
[kernel]
id = "rk3288-mainline-7.2"
source = "https://git.kernel.org/pub/scm/linux/kernel/git/stable/linux-stable.git"
ref = "v7.2"
commit = "8d3ae59288f1e7d58d76558a6ee96d533bc5019f"

[patches]
series = ["rk3288-fixes"]
source = "https://github.com/gregordinary/patches.git"
ref = "main"
commit = "ddc856cdd91e135ba792e16a6fc1edc2a279c36a"

[rootfs]
suite = "forky"
manifest = "mainline-forky.pkgs.lock"
