# Generated by `boot2deb update`; do not hand-edit.
# Exact resolved pins for the recipe. `boot2deb build` reads only this;
# re-run `boot2deb update` to re-resolve within the recipe's constraints.
[kernel]
id = "rk3288-mainline-7.2"
source = "https://git.kernel.org/pub/scm/linux/kernel/git/stable/linux-stable.git"
ref = "v7.2.8"
commit = "9a66fdc0d7fd55f54235524a73435af99051e46f"

[patches]
series = ["rk3288-fixes"]
source = "https://github.com/gregordinary/patches.git"
ref = "main"
commit = "14e7a6de48ff89830c0974b2c89682d0e17d636e"

[rootfs]
suite = "forky"
manifest = "mainline-forky.pkgs.lock"
source_date_epoch = 1790520598
