# Generated by `boot2deb update`; do not hand-edit.
# Exact resolved pins for the recipe. `boot2deb build` reads only this;
# re-run `boot2deb update` to re-resolve within the recipe's constraints.
[kernel]
id = "rk3576-mainline-7.1"
source = "https://git.kernel.org/pub/scm/linux/kernel/git/stable/linux-stable.git"
ref = "v7.1.5"
commit = "155b42bec9cbb6b8cdc47dd9bd09503a81fbe493"

[patches]
series = ["rk3576-fixes", "rk3576-npu"]
source = "https://github.com/gregordinary/patches.git"
ref = "main"
commit = "a88875b3cab0b5ce51621c1fc7aabb32e4c885f5"

[uboot]
source = "https://git.u-boot-project.org/u-boot/u-boot.git"
ref = "v2026.04"
commit = "88dc2788777babfd6322fa655df549a019aa1e69"

[uboot_patches]
series = ["rk3576-display"]
source = "https://github.com/gregordinary/patches.git"
ref = "main"
commit = "a88875b3cab0b5ce51621c1fc7aabb32e4c885f5"

[[kmods]]
name = "aic8800"
source = "https://github.com/radxa-pkg/aic8800.git"
ref = "main"
commit = "6e076049b719ac2ff7ce5c92786a680407b11cdb"

[rootfs]
suite = "forky"
manifest = "forky.pkgs.lock"

[blobs]
atf = "rk3576_bl31_v1.24.elf@sha256:e2cf4e0e920dfe1daa6412c05f49dc7e5c0f9888d3a3e8eecc85fbe1e86a23d1"
tpl = "rk3576_ddr_lp4_2112MHz_lp5_2736MHz_v1.12.bin@sha256:17f54933f87d22f72a7c7c548b1d0c79cf804824064c626be25d42d6863b831f"
